
Microsoft Visual Studio Solution File, Format Version 12.00
# Visual Studio 14
VisualStudioVersion = 14.0.24720.0
MinimumVisualStudioVersion = 10.0.40219.1
Project("{FAE04EC0-301F-11D3-BF4B-00C04F79EFBC}") = "GigHub", "GigHub\GigHub.csproj", "{FA2E304B-6B9C-42F1-9516-05AEC9B309F9}"
EndProject
Global
	GlobalSection(SolutionConfigurationPlatforms) = preSolution
		Debug|Any CPU = Debug|Any CPU
		Release|Any CPU = Release|Any CPU
	EndGlobalSection
	GlobalSection(ProjectConfigurationPlatforms) = postSolution
		{FA2E304B-6B9C-42F1-9516-05AEC9B309F9}.Debug|Any CPU.ActiveCfg = Debug|Any CPU
		{FA2E304B-6B9C-42F1-9516-05AEC9B309F9}.Debug|Any CPU.Build.0 = Debug|Any CPU
		{FA2E304B-6B9C-42F1-9516-05AEC9B309F9}.Release|Any CPU.ActiveCfg = Release|Any CPU
		{FA2E304B-6B9C-42F1-9516-05AEC9B309F9}.Release|Any CPU.Build.0 = Release|Any CPU
	EndGlobalSection
	GlobalSection(SolutionProperties) = preSolution
		HideSolutionNode = FALSE
	EndGlobalSection
EndGlobal
